
Microsoft Visual Studio Solution File, Format Version 12.00
# Visual Studio Version 17
VisualStudioVersion = 17.10.34916.146
MinimumVisualStudioVersion = 10.0.40219.1
Project("{9A19103F-16F7-4668-BE54-9A1E7A4F7556}") = "framework_01", "WpfApp1\framework_01.csproj", "{A0B8CA38-4ED7-42C8-B9A6-2C460B356AAA}"
EndProject
Project("{9A19103F-16F7-4668-BE54-9A1E7A4F7556}") = "framework_02_template", "wpf_02_template\framework_02_template.csproj", "{DFF91D68-1ACE-4D22-A189-2FB4DE6F430E}"
EndProject
Project("{9A19103F-16F7-4668-BE54-9A1E7A4F7556}") = "framework_03_command", "framework_03_command\framework_03_command.csproj", "{C32BC4FB-C377-4E9C-8B5C-DAF4A6509AFA}"
EndProject
Project("{9A19103F-16F7-4668-BE54-9A1E7A4F7556}") = "framework_03_command_02", "framework_03_command_02\framework_03_command_02.csproj", "{638DEB29-5E4E-4A90-9F0E-B27DE3E58F2C}"
EndProject
Project("{9A19103F-16F7-4668-BE54-9A1E7A4F7556}") = "framework_04_DependencyProperty", "framework_04_DependencyProperty\framework_04_DependencyProperty.csproj", "{1B1C528E-CEEE-41CF-9373-9BA4C600B918}"
EndProject
Project("{9A19103F-16F7-4668-BE54-9A1E7A4F7556}") = "framework_04_DependencyProperty_CallBack", "framework_04_DependenceProperty_CallBack\framework_04_DependencyProperty_CallBack.csproj", "{8F19D8BA-792F-4D7D-B989-2453B6302E9E}"
EndProject
Project("{9A19103F-16F7-4668-BE54-9A1E7A4F7556}") = "framework_04_DependencyProperty_Attach", "framework_04_DependencyProperty_Attach\framework_04_DependencyProperty_Attach.csproj", "{EB71CCDE-7E8D-4F9B-8304-A0C71731AC78}"
EndProject
Project("{9A19103F-16F7-4668-BE54-9A1E7A4F7556}") = "framework_05_RouteEvent", "framework_05_RouteEvent\framework_05_RouteEvent.csproj", "{A7445E64-0C15-4CD4-99B9-EBBEB4E63562}"
EndProject
Project("{9A19103F-16F7-4668-BE54-9A1E7A4F7556}") = "framework_06_page", "framework_06_page\framework_06_page.csproj", "{CC89DBCA-0AB6-4033-8F0F-915F32B9A30B}"
EndProject
Project("{9A19103F-16F7-4668-BE54-9A1E7A4F7556}") = "framework_06_Page_navigation", "framework_06_Page_navigation\framework_06_Page_navigation.csproj", "{E066E96A-6D02-4A66-B659-3F38CF5F104D}"
EndProject
Project("{FAE04EC0-301F-11D3-BF4B-00C04F79EFBC}") = "CSharp_01", "CSharp_01\CSharp_01.csproj", "{9110FAA2-D17E-422C-93A0-1480375FC390}"
EndProject
Project("{FAE04EC0-301F-11D3-BF4B-00C04F79EFBC}") = "CSharp_event", "CSharp_event\CSharp_event.csproj", "{A5E2B76A-F4BA-4FBE-B52D-4DD9B79D1F3A}"
EndProject
Project("{FAE04EC0-301F-11D3-BF4B-00C04F79EFBC}") = "CSharp_delegate_event", "CSharp_delegate_event\CSharp_delegate_event.csproj", "{DBC29610-6520-4359-AA2D-A8934B2052A8}"
EndProject
Project("{FAE04EC0-301F-11D3-BF4B-00C04F79EFBC}") = "CSharp_task_thread", "CSharp_task_thread\CSharp_task_thread.csproj", "{C57AD3D0-9595-4054-9F46-7CF69C581E6E}"
EndProject
Project("{8BC9CEB8-8B4A-11D0-8D11-00A0C91BC942}") = "cppdll", "lib\cppdll\cppdll.vcxproj", "{1C9A05BE-B3E2-48C2-A16C-63CDF5211226}"
EndProject
Project("{FAE04EC0-301F-11D3-BF4B-00C04F79EFBC}") = "TestDll", "TestDll\TestDll.csproj", "{69AB2E80-3865-4AE5-89B2-AD7EC38063C8}"
EndProject
Project("{FAE04EC0-301F-11D3-BF4B-00C04F79EFBC}") = "Timthy_01", "Timthy_01\Timthy_01.csproj", "{E4F650AB-9C12-4D46-AEEA-E4EA885A94DC}"
EndProject
Project("{FAE04EC0-301F-11D3-BF4B-00C04F79EFBC}") = "ClassLib", "ClassLib\ClassLib.csproj", "{E024855B-70CE-48B2-87DC-CACA25E336F4}"
EndProject
Global
	GlobalSection(SolutionConfigurationPlatforms) = preSolution
		Debug|Any CPU = Debug|Any CPU
		Debug|x64 = Debug|x64
		Debug|x86 = Debug|x86
		Release|Any CPU = Release|Any CPU
		Release|x64 = Release|x64
		Release|x86 = Release|x86
	EndGlobalSection
	GlobalSection(ProjectConfigurationPlatforms) = postSolution
		{A0B8CA38-4ED7-42C8-B9A6-2C460B356AAA}.Debug|Any CPU.ActiveCfg = Debug|Any CPU
		{A0B8CA38-4ED7-42C8-B9A6-2C460B356AAA}.Debug|Any CPU.Build.0 = Debug|Any CPU
		{A0B8CA38-4ED7-42C8-B9A6-2C460B356AAA}.Debug|x64.ActiveCfg = Debug|Any CPU
		{A0B8CA38-4ED7-42C8-B9A6-2C460B356AAA}.Debug|x64.Build.0 = Debug|Any CPU
		{A0B8CA38-4ED7-42C8-B9A6-2C460B356AAA}.Debug|x86.ActiveCfg = Debug|Any CPU
		{A0B8CA38-4ED7-42C8-B9A6-2C460B356AAA}.Debug|x86.Build.0 = Debug|Any CPU
		{A0B8CA38-4ED7-42C8-B9A6-2C460B356AAA}.Release|Any CPU.ActiveCfg = Release|Any CPU
		{A0B8CA38-4ED7-42C8-B9A6-2C460B356AAA}.Release|Any CPU.Build.0 = Release|Any CPU
		{A0B8CA38-4ED7-42C8-B9A6-2C460B356AAA}.Release|x64.ActiveCfg = Release|Any CPU
		{A0B8CA38-4ED7-42C8-B9A6-2C460B356AAA}.Release|x64.Build.0 = Release|Any CPU
		{A0B8CA38-4ED7-42C8-B9A6-2C460B356AAA}.Release|x86.ActiveCfg = Release|Any CPU
		{A0B8CA38-4ED7-42C8-B9A6-2C460B356AAA}.Release|x86.Build.0 = Release|Any CPU
		{DFF91D68-1ACE-4D22-A189-2FB4DE6F430E}.Debug|Any CPU.ActiveCfg = Debug|Any CPU
		{DFF91D68-1ACE-4D22-A189-2FB4DE6F430E}.Debug|Any CPU.Build.0 = Debug|Any CPU
		{DFF91D68-1ACE-4D22-A189-2FB4DE6F430E}.Debug|x64.ActiveCfg = Debug|Any CPU
		{DFF91D68-1ACE-4D22-A189-2FB4DE6F430E}.Debug|x64.Build.0 = Debug|Any CPU
		{DFF91D68-1ACE-4D22-A189-2FB4DE6F430E}.Debug|x86.ActiveCfg = Debug|Any CPU
		{DFF91D68-1ACE-4D22-A189-2FB4DE6F430E}.Debug|x86.Build.0 = Debug|Any CPU
		{DFF91D68-1ACE-4D22-A189-2FB4DE6F430E}.Release|Any CPU.ActiveCfg = Release|Any CPU
		{DFF91D68-1ACE-4D22-A189-2FB4DE6F430E}.Release|Any CPU.Build.0 = Release|Any CPU
		{DFF91D68-1ACE-4D22-A189-2FB4DE6F430E}.Release|x64.ActiveCfg = Release|Any CPU
		{DFF91D68-1ACE-4D22-A189-2FB4DE6F430E}.Release|x64.Build.0 = Release|Any CPU
		{DFF91D68-1ACE-4D22-A189-2FB4DE6F430E}.Release|x86.ActiveCfg = Release|Any CPU
		{DFF91D68-1ACE-4D22-A189-2FB4DE6F430E}.Release|x86.Build.0 = Release|Any CPU
		{C32BC4FB-C377-4E9C-8B5C-DAF4A6509AFA}.Debug|Any CPU.ActiveCfg = Debug|Any CPU
		{C32BC4FB-C377-4E9C-8B5C-DAF4A6509AFA}.Debug|Any CPU.Build.0 = Debug|Any CPU
		{C32BC4FB-C377-4E9C-8B5C-DAF4A6509AFA}.Debug|x64.ActiveCfg = Debug|Any CPU
		{C32BC4FB-C377-4E9C-8B5C-DAF4A6509AFA}.Debug|x64.Build.0 = Debug|Any CPU
		{C32BC4FB-C377-4E9C-8B5C-DAF4A6509AFA}.Debug|x86.ActiveCfg = Debug|Any CPU
		{C32BC4FB-C377-4E9C-8B5C-DAF4A6509AFA}.Debug|x86.Build.0 = Debug|Any CPU
		{C32BC4FB-C377-4E9C-8B5C-DAF4A6509AFA}.Release|Any CPU.ActiveCfg = Release|Any CPU
		{C32BC4FB-C377-4E9C-8B5C-DAF4A6509AFA}.Release|Any CPU.Build.0 = Release|Any CPU
		{C32BC4FB-C377-4E9C-8B5C-DAF4A6509AFA}.Release|x64.ActiveCfg = Release|Any CPU
		{C32BC4FB-C377-4E9C-8B5C-DAF4A6509AFA}.Release|x64.Build.0 = Release|Any CPU
		{C32BC4FB-C377-4E9C-8B5C-DAF4A6509AFA}.Release|x86.ActiveCfg = Release|Any CPU
		{C32BC4FB-C377-4E9C-8B5C-DAF4A6509AFA}.Release|x86.Build.0 = Release|Any CPU
		{638DEB29-5E4E-4A90-9F0E-B27DE3E58F2C}.Debug|Any CPU.ActiveCfg = Debug|Any CPU
		{638DEB29-5E4E-4A90-9F0E-B27DE3E58F2C}.Debug|Any CPU.Build.0 = Debug|Any CPU
		{638DEB29-5E4E-4A90-9F0E-B27DE3E58F2C}.Debug|x64.ActiveCfg = Debug|Any CPU
		{638DEB29-5E4E-4A90-9F0E-B27DE3E58F2C}.Debug|x64.Build.0 = Debug|Any CPU
		{638DEB29-5E4E-4A90-9F0E-B27DE3E58F2C}.Debug|x86.ActiveCfg = Debug|Any CPU
		{638DEB29-5E4E-4A90-9F0E-B27DE3E58F2C}.Debug|x86.Build.0 = Debug|Any CPU
		{638DEB29-5E4E-4A90-9F0E-B27DE3E58F2C}.Release|Any CPU.ActiveCfg = Release|Any CPU
		{638DEB29-5E4E-4A90-9F0E-B27DE3E58F2C}.Release|Any CPU.Build.0 = Release|Any CPU
		{638DEB29-5E4E-4A90-9F0E-B27DE3E58F2C}.Release|x64.ActiveCfg = Release|Any CPU
		{638DEB29-5E4E-4A90-9F0E-B27DE3E58F2C}.Release|x64.Build.0 = Release|Any CPU
		{638DEB29-5E4E-4A90-9F0E-B27DE3E58F2C}.Release|x86.ActiveCfg = Release|Any CPU
		{638DEB29-5E4E-4A90-9F0E-B27DE3E58F2C}.Release|x86.Build.0 = Release|Any CPU
		{1B1C528E-CEEE-41CF-9373-9BA4C600B918}.Debug|Any CPU.ActiveCfg = Debug|Any CPU
		{1B1C528E-CEEE-41CF-9373-9BA4C600B918}.Debug|Any CPU.Build.0 = Debug|Any CPU
		{1B1C528E-CEEE-41CF-9373-9BA4C600B918}.Debug|x64.ActiveCfg = Debug|Any CPU
		{1B1C528E-CEEE-41CF-9373-9BA4C600B918}.Debug|x64.Build.0 = Debug|Any CPU
		{1B1C528E-CEEE-41CF-9373-9BA4C600B918}.Debug|x86.ActiveCfg = Debug|Any CPU
		{1B1C528E-CEEE-41CF-9373-9BA4C600B918}.Debug|x86.Build.0 = Debug|Any CPU
		{1B1C528E-CEEE-41CF-9373-9BA4C600B918}.Release|Any CPU.ActiveCfg = Release|Any CPU
		{1B1C528E-CEEE-41CF-9373-9BA4C600B918}.Release|Any CPU.Build.0 = Release|Any CPU
		{1B1C528E-CEEE-41CF-9373-9BA4C600B918}.Release|x64.ActiveCfg = Release|Any CPU
		{1B1C528E-CEEE-41CF-9373-9BA4C600B918}.Release|x64.Build.0 = Release|Any CPU
		{1B1C528E-CEEE-41CF-9373-9BA4C600B918}.Release|x86.ActiveCfg = Release|Any CPU
		{1B1C528E-CEEE-41CF-9373-9BA4C600B918}.Release|x86.Build.0 = Release|Any CPU
		{8F19D8BA-792F-4D7D-B989-2453B6302E9E}.Debug|Any CPU.ActiveCfg = Debug|Any CPU
		{8F19D8BA-792F-4D7D-B989-2453B6302E9E}.Debug|Any CPU.Build.0 = Debug|Any CPU
		{8F19D8BA-792F-4D7D-B989-2453B6302E9E}.Debug|x64.ActiveCfg = Debug|Any CPU
		{8F19D8BA-792F-4D7D-B989-2453B6302E9E}.Debug|x64.Build.0 = Debug|Any CPU
		{8F19D8BA-792F-4D7D-B989-2453B6302E9E}.Debug|x86.ActiveCfg = Debug|Any CPU
		{8F19D8BA-792F-4D7D-B989-2453B6302E9E}.Debug|x86.Build.0 = Debug|Any CPU
		{8F19D8BA-792F-4D7D-B989-2453B6302E9E}.Release|Any CPU.ActiveCfg = Release|Any CPU
		{8F19D8BA-792F-4D7D-B989-2453B6302E9E}.Release|Any CPU.Build.0 = Release|Any CPU
		{8F19D8BA-792F-4D7D-B989-2453B6302E9E}.Release|x64.ActiveCfg = Release|Any CPU
		{8F19D8BA-792F-4D7D-B989-2453B6302E9E}.Release|x64.Build.0 = Release|Any CPU
		{8F19D8BA-792F-4D7D-B989-2453B6302E9E}.Release|x86.ActiveCfg = Release|Any CPU
		{8F19D8BA-792F-4D7D-B989-2453B6302E9E}.Release|x86.Build.0 = Release|Any CPU
		{EB71CCDE-7E8D-4F9B-8304-A0C71731AC78}.Debug|Any CPU.ActiveCfg = Debug|Any CPU
		{EB71CCDE-7E8D-4F9B-8304-A0C71731AC78}.Debug|Any CPU.Build.0 = Debug|Any CPU
		{EB71CCDE-7E8D-4F9B-8304-A0C71731AC78}.Debug|x64.ActiveCfg = Debug|Any CPU
		{EB71CCDE-7E8D-4F9B-8304-A0C71731AC78}.Debug|x64.Build.0 = Debug|Any CPU
		{EB71CCDE-7E8D-4F9B-8304-A0C71731AC78}.Debug|x86.ActiveCfg = Debug|Any CPU
		{EB71CCDE-7E8D-4F9B-8304-A0C71731AC78}.Debug|x86.Build.0 = Debug|Any CPU
		{EB71CCDE-7E8D-4F9B-8304-A0C71731AC78}.Release|Any CPU.ActiveCfg = Release|Any CPU
		{EB71CCDE-7E8D-4F9B-8304-A0C71731AC78}.Release|Any CPU.Build.0 = Release|Any CPU
		{EB71CCDE-7E8D-4F9B-8304-A0C71731AC78}.Release|x64.ActiveCfg = Release|Any CPU
		{EB71CCDE-7E8D-4F9B-8304-A0C71731AC78}.Release|x64.Build.0 = Release|Any CPU
		{EB71CCDE-7E8D-4F9B-8304-A0C71731AC78}.Release|x86.ActiveCfg = Release|Any CPU
		{EB71CCDE-7E8D-4F9B-8304-A0C71731AC78}.Release|x86.Build.0 = Release|Any CPU
		{A7445E64-0C15-4CD4-99B9-EBBEB4E63562}.Debug|Any CPU.ActiveCfg = Debug|Any CPU
		{A7445E64-0C15-4CD4-99B9-EBBEB4E63562}.Debug|Any CPU.Build.0 = Debug|Any CPU
		{A7445E64-0C15-4CD4-99B9-EBBEB4E63562}.Debug|x64.ActiveCfg = Debug|Any CPU
		{A7445E64-0C15-4CD4-99B9-EBBEB4E63562}.Debug|x64.Build.0 = Debug|Any CPU
		{A7445E64-0C15-4CD4-99B9-EBBEB4E63562}.Debug|x86.ActiveCfg = Debug|Any CPU
		{A7445E64-0C15-4CD4-99B9-EBBEB4E63562}.Debug|x86.Build.0 = Debug|Any CPU
		{A7445E64-0C15-4CD4-99B9-EBBEB4E63562}.Release|Any CPU.ActiveCfg = Release|Any CPU
		{A7445E64-0C15-4CD4-99B9-EBBEB4E63562}.Release|Any CPU.Build.0 = Release|Any CPU
		{A7445E64-0C15-4CD4-99B9-EBBEB4E63562}.Release|x64.ActiveCfg = Release|Any CPU
		{A7445E64-0C15-4CD4-99B9-EBBEB4E63562}.Release|x64.Build.0 = Release|Any CPU
		{A7445E64-0C15-4CD4-99B9-EBBEB4E63562}.Release|x86.ActiveCfg = Release|Any CPU
		{A7445E64-0C15-4CD4-99B9-EBBEB4E63562}.Release|x86.Build.0 = Release|Any CPU
		{CC89DBCA-0AB6-4033-8F0F-915F32B9A30B}.Debug|Any CPU.ActiveCfg = Debug|Any CPU
		{CC89DBCA-0AB6-4033-8F0F-915F32B9A30B}.Debug|Any CPU.Build.0 = Debug|Any CPU
		{CC89DBCA-0AB6-4033-8F0F-915F32B9A30B}.Debug|x64.ActiveCfg = Debug|Any CPU
		{CC89DBCA-0AB6-4033-8F0F-915F32B9A30B}.Debug|x64.Build.0 = Debug|Any CPU
		{CC89DBCA-0AB6-4033-8F0F-915F32B9A30B}.Debug|x86.ActiveCfg = Debug|Any CPU
		{CC89DBCA-0AB6-4033-8F0F-915F32B9A30B}.Debug|x86.Build.0 = Debug|Any CPU
		{CC89DBCA-0AB6-4033-8F0F-915F32B9A30B}.Release|Any CPU.ActiveCfg = Release|Any CPU
		{CC89DBCA-0AB6-4033-8F0F-915F32B9A30B}.Release|Any CPU.Build.0 = Release|Any CPU
		{CC89DBCA-0AB6-4033-8F0F-915F32B9A30B}.Release|x64.ActiveCfg = Release|Any CPU
		{CC89DBCA-0AB6-4033-8F0F-915F32B9A30B}.Release|x64.Build.0 = Release|Any CPU
		{CC89DBCA-0AB6-4033-8F0F-915F32B9A30B}.Release|x86.ActiveCfg = Release|Any CPU
		{CC89DBCA-0AB6-4033-8F0F-915F32B9A30B}.Release|x86.Build.0 = Release|Any CPU
		{E066E96A-6D02-4A66-B659-3F38CF5F104D}.Debug|Any CPU.ActiveCfg = Debug|Any CPU
		{E066E96A-6D02-4A66-B659-3F38CF5F104D}.Debug|Any CPU.Build.0 = Debug|Any CPU
		{E066E96A-6D02-4A66-B659-3F38CF5F104D}.Debug|x64.ActiveCfg = Debug|Any CPU
		{E066E96A-6D02-4A66-B659-3F38CF5F104D}.Debug|x64.Build.0 = Debug|Any CPU
		{E066E96A-6D02-4A66-B659-3F38CF5F104D}.Debug|x86.ActiveCfg = Debug|Any CPU
		{E066E96A-6D02-4A66-B659-3F38CF5F104D}.Debug|x86.Build.0 = Debug|Any CPU
		{E066E96A-6D02-4A66-B659-3F38CF5F104D}.Release|Any CPU.ActiveCfg = Release|Any CPU
		{E066E96A-6D02-4A66-B659-3F38CF5F104D}.Release|Any CPU.Build.0 = Release|Any CPU
		{E066E96A-6D02-4A66-B659-3F38CF5F104D}.Release|x64.ActiveCfg = Release|Any CPU
		{E066E96A-6D02-4A66-B659-3F38CF5F104D}.Release|x64.Build.0 = Release|Any CPU
		{E066E96A-6D02-4A66-B659-3F38CF5F104D}.Release|x86.ActiveCfg = Release|Any CPU
		{E066E96A-6D02-4A66-B659-3F38CF5F104D}.Release|x86.Build.0 = Release|Any CPU
		{9110FAA2-D17E-422C-93A0-1480375FC390}.Debug|Any CPU.ActiveCfg = Debug|Any CPU
		{9110FAA2-D17E-422C-93A0-1480375FC390}.Debug|Any CPU.Build.0 = Debug|Any CPU
		{9110FAA2-D17E-422C-93A0-1480375FC390}.Debug|x64.ActiveCfg = Debug|Any CPU
		{9110FAA2-D17E-422C-93A0-1480375FC390}.Debug|x64.Build.0 = Debug|Any CPU
		{9110FAA2-D17E-422C-93A0-1480375FC390}.Debug|x86.ActiveCfg = Debug|Any CPU
		{9110FAA2-D17E-422C-93A0-1480375FC390}.Debug|x86.Build.0 = Debug|Any CPU
		{9110FAA2-D17E-422C-93A0-1480375FC390}.Release|Any CPU.ActiveCfg = Release|Any CPU
		{9110FAA2-D17E-422C-93A0-1480375FC390}.Release|Any CPU.Build.0 = Release|Any CPU
		{9110FAA2-D17E-422C-93A0-1480375FC390}.Release|x64.ActiveCfg = Release|Any CPU
		{9110FAA2-D17E-422C-93A0-1480375FC390}.Release|x64.Build.0 = Release|Any CPU
		{9110FAA2-D17E-422C-93A0-1480375FC390}.Release|x86.ActiveCfg = Release|Any CPU
		{9110FAA2-D17E-422C-93A0-1480375FC390}.Release|x86.Build.0 = Release|Any CPU
		{A5E2B76A-F4BA-4FBE-B52D-4DD9B79D1F3A}.Debug|Any CPU.ActiveCfg = Debug|Any CPU
		{A5E2B76A-F4BA-4FBE-B52D-4DD9B79D1F3A}.Debug|Any CPU.Build.0 = Debug|Any CPU
		{A5E2B76A-F4BA-4FBE-B52D-4DD9B79D1F3A}.Debug|x64.ActiveCfg = Debug|Any CPU
		{A5E2B76A-F4BA-4FBE-B52D-4DD9B79D1F3A}.Debug|x64.Build.0 = Debug|Any CPU
		{A5E2B76A-F4BA-4FBE-B52D-4DD9B79D1F3A}.Debug|x86.ActiveCfg = Debug|Any CPU
		{A5E2B76A-F4BA-4FBE-B52D-4DD9B79D1F3A}.Debug|x86.Build.0 = Debug|Any CPU
		{A5E2B76A-F4BA-4FBE-B52D-4DD9B79D1F3A}.Release|Any CPU.ActiveCfg = Release|Any CPU
		{A5E2B76A-F4BA-4FBE-B52D-4DD9B79D1F3A}.Release|Any CPU.Build.0 = Release|Any CPU
		{A5E2B76A-F4BA-4FBE-B52D-4DD9B79D1F3A}.Release|x64.ActiveCfg = Release|Any CPU
		{A5E2B76A-F4BA-4FBE-B52D-4DD9B79D1F3A}.Release|x64.Build.0 = Release|Any CPU
		{A5E2B76A-F4BA-4FBE-B52D-4DD9B79D1F3A}.Release|x86.ActiveCfg = Release|Any CPU
		{A5E2B76A-F4BA-4FBE-B52D-4DD9B79D1F3A}.Release|x86.Build.0 = Release|Any CPU
		{DBC29610-6520-4359-AA2D-A8934B2052A8}.Debug|Any CPU.ActiveCfg = Debug|Any CPU
		{DBC29610-6520-4359-AA2D-A8934B2052A8}.Debug|Any CPU.Build.0 = Debug|Any CPU
		{DBC29610-6520-4359-AA2D-A8934B2052A8}.Debug|x64.ActiveCfg = Debug|Any CPU
		{DBC29610-6520-4359-AA2D-A8934B2052A8}.Debug|x64.Build.0 = Debug|Any CPU
		{DBC29610-6520-4359-AA2D-A8934B2052A8}.Debug|x86.ActiveCfg = Debug|Any CPU
		{DBC29610-6520-4359-AA2D-A8934B2052A8}.Debug|x86.Build.0 = Debug|Any CPU
		{DBC29610-6520-4359-AA2D-A8934B2052A8}.Release|Any CPU.ActiveCfg = Release|Any CPU
		{DBC29610-6520-4359-AA2D-A8934B2052A8}.Release|Any CPU.Build.0 = Release|Any CPU
		{DBC29610-6520-4359-AA2D-A8934B2052A8}.Release|x64.ActiveCfg = Release|Any CPU
		{DBC29610-6520-4359-AA2D-A8934B2052A8}.Release|x64.Build.0 = Release|Any CPU
		{DBC29610-6520-4359-AA2D-A8934B2052A8}.Release|x86.ActiveCfg = Release|Any CPU
		{DBC29610-6520-4359-AA2D-A8934B2052A8}.Release|x86.Build.0 = Release|Any CPU
		{C57AD3D0-9595-4054-9F46-7CF69C581E6E}.Debug|Any CPU.ActiveCfg = Debug|Any CPU
		{C57AD3D0-9595-4054-9F46-7CF69C581E6E}.Debug|Any CPU.Build.0 = Debug|Any CPU
		{C57AD3D0-9595-4054-9F46-7CF69C581E6E}.Debug|x64.ActiveCfg = Debug|Any CPU
		{C57AD3D0-9595-4054-9F46-7CF69C581E6E}.Debug|x64.Build.0 = Debug|Any CPU
		{C57AD3D0-9595-4054-9F46-7CF69C581E6E}.Debug|x86.ActiveCfg = Debug|Any CPU
		{C57AD3D0-9595-4054-9F46-7CF69C581E6E}.Debug|x86.Build.0 = Debug|Any CPU
		{C57AD3D0-9595-4054-9F46-7CF69C581E6E}.Release|Any CPU.ActiveCfg = Release|Any CPU
		{C57AD3D0-9595-4054-9F46-7CF69C581E6E}.Release|Any CPU.Build.0 = Release|Any CPU
		{C57AD3D0-9595-4054-9F46-7CF69C581E6E}.Release|x64.ActiveCfg = Release|Any CPU
		{C57AD3D0-9595-4054-9F46-7CF69C581E6E}.Release|x64.Build.0 = Release|Any CPU
		{C57AD3D0-9595-4054-9F46-7CF69C581E6E}.Release|x86.ActiveCfg = Release|Any CPU
		{C57AD3D0-9595-4054-9F46-7CF69C581E6E}.Release|x86.Build.0 = Release|Any CPU
		{1C9A05BE-B3E2-48C2-A16C-63CDF5211226}.Debug|Any CPU.ActiveCfg = Debug|x64
		{1C9A05BE-B3E2-48C2-A16C-63CDF5211226}.Debug|Any CPU.Build.0 = Debug|x64
		{1C9A05BE-B3E2-48C2-A16C-63CDF5211226}.Debug|x64.ActiveCfg = Debug|x64
		{1C9A05BE-B3E2-48C2-A16C-63CDF5211226}.Debug|x64.Build.0 = Debug|x64
		{1C9A05BE-B3E2-48C2-A16C-63CDF5211226}.Debug|x86.ActiveCfg = Debug|Win32
		{1C9A05BE-B3E2-48C2-A16C-63CDF5211226}.Debug|x86.Build.0 = Debug|Win32
		{1C9A05BE-B3E2-48C2-A16C-63CDF5211226}.Release|Any CPU.ActiveCfg = Release|x64
		{1C9A05BE-B3E2-48C2-A16C-63CDF5211226}.Release|Any CPU.Build.0 = Release|x64
		{1C9A05BE-B3E2-48C2-A16C-63CDF5211226}.Release|x64.ActiveCfg = Release|x64
		{1C9A05BE-B3E2-48C2-A16C-63CDF5211226}.Release|x64.Build.0 = Release|x64
		{1C9A05BE-B3E2-48C2-A16C-63CDF5211226}.Release|x86.ActiveCfg = Release|Win32
		{1C9A05BE-B3E2-48C2-A16C-63CDF5211226}.Release|x86.Build.0 = Release|Win32
		{69AB2E80-3865-4AE5-89B2-AD7EC38063C8}.Debug|Any CPU.ActiveCfg = Debug|Any CPU
		{69AB2E80-3865-4AE5-89B2-AD7EC38063C8}.Debug|Any CPU.Build.0 = Debug|Any CPU
		{69AB2E80-3865-4AE5-89B2-AD7EC38063C8}.Debug|x64.ActiveCfg = Debug|Any CPU
		{69AB2E80-3865-4AE5-89B2-AD7EC38063C8}.Debug|x64.Build.0 = Debug|Any CPU
		{69AB2E80-3865-4AE5-89B2-AD7EC38063C8}.Debug|x86.ActiveCfg = Debug|Any CPU
		{69AB2E80-3865-4AE5-89B2-AD7EC38063C8}.Debug|x86.Build.0 = Debug|Any CPU
		{69AB2E80-3865-4AE5-89B2-AD7EC38063C8}.Release|Any CPU.ActiveCfg = Release|Any CPU
		{69AB2E80-3865-4AE5-89B2-AD7EC38063C8}.Release|Any CPU.Build.0 = Release|Any CPU
		{69AB2E80-3865-4AE5-89B2-AD7EC38063C8}.Release|x64.ActiveCfg = Release|Any CPU
		{69AB2E80-3865-4AE5-89B2-AD7EC38063C8}.Release|x64.Build.0 = Release|Any CPU
		{69AB2E80-3865-4AE5-89B2-AD7EC38063C8}.Release|x86.ActiveCfg = Release|Any CPU
		{69AB2E80-3865-4AE5-89B2-AD7EC38063C8}.Release|x86.Build.0 = Release|Any CPU
		{E4F650AB-9C12-4D46-AEEA-E4EA885A94DC}.Debug|Any CPU.ActiveCfg = Debug|Any CPU
		{E4F650AB-9C12-4D46-AEEA-E4EA885A94DC}.Debug|Any CPU.Build.0 = Debug|Any CPU
		{E4F650AB-9C12-4D46-AEEA-E4EA885A94DC}.Debug|x64.ActiveCfg = Debug|Any CPU
		{E4F650AB-9C12-4D46-AEEA-E4EA885A94DC}.Debug|x64.Build.0 = Debug|Any CPU
		{E4F650AB-9C12-4D46-AEEA-E4EA885A94DC}.Debug|x86.ActiveCfg = Debug|Any CPU
		{E4F650AB-9C12-4D46-AEEA-E4EA885A94DC}.Debug|x86.Build.0 = Debug|Any CPU
		{E4F650AB-9C12-4D46-AEEA-E4EA885A94DC}.Release|Any CPU.ActiveCfg = Release|Any CPU
		{E4F650AB-9C12-4D46-AEEA-E4EA885A94DC}.Release|Any CPU.Build.0 = Release|Any CPU
		{E4F650AB-9C12-4D46-AEEA-E4EA885A94DC}.Release|x64.ActiveCfg = Release|Any CPU
		{E4F650AB-9C12-4D46-AEEA-E4EA885A94DC}.Release|x64.Build.0 = Release|Any CPU
		{E4F650AB-9C12-4D46-AEEA-E4EA885A94DC}.Release|x86.ActiveCfg = Release|Any CPU
		{E4F650AB-9C12-4D46-AEEA-E4EA885A94DC}.Release|x86.Build.0 = Release|Any CPU
		{E024855B-70CE-48B2-87DC-CACA25E336F4}.Debug|Any CPU.ActiveCfg = Debug|Any CPU
		{E024855B-70CE-48B2-87DC-CACA25E336F4}.Debug|Any CPU.Build.0 = Debug|Any CPU
		{E024855B-70CE-48B2-87DC-CACA25E336F4}.Debug|x64.ActiveCfg = Debug|Any CPU
		{E024855B-70CE-48B2-87DC-CACA25E336F4}.Debug|x64.Build.0 = Debug|Any CPU
		{E024855B-70CE-48B2-87DC-CACA25E336F4}.Debug|x86.ActiveCfg = Debug|Any CPU
		{E024855B-70CE-48B2-87DC-CACA25E336F4}.Debug|x86.Build.0 = Debug|Any CPU
		{E024855B-70CE-48B2-87DC-CACA25E336F4}.Release|Any CPU.ActiveCfg = Release|Any CPU
		{E024855B-70CE-48B2-87DC-CACA25E336F4}.Release|Any CPU.Build.0 = Release|Any CPU
		{E024855B-70CE-48B2-87DC-CACA25E336F4}.Release|x64.ActiveCfg = Release|Any CPU
		{E024855B-70CE-48B2-87DC-CACA25E336F4}.Release|x64.Build.0 = Release|Any CPU
		{E024855B-70CE-48B2-87DC-CACA25E336F4}.Release|x86.ActiveCfg = Release|Any CPU
		{E024855B-70CE-48B2-87DC-CACA25E336F4}.Release|x86.Build.0 = Release|Any CPU
	EndGlobalSection
	GlobalSection(SolutionProperties) = preSolution
		HideSolutionNode = FALSE
	EndGlobalSection
	GlobalSection(ExtensibilityGlobals) = postSolution
		SolutionGuid = {B175B9DE-46DB-4E36-907F-8BD9C800A8D4}
	EndGlobalSection
EndGlobal
